
Microsoft Visual Studio Solution File, Format Version 12.00
# Visual Studio Version 17
VisualStudioVersion = 17.3.32819.101
MinimumVisualStudioVersion = 10.0.40219.1
Project("{FAE04EC0-301F-11D3-BF4B-00C04F79EFBC}") = "Patrones-lab4", "Patrones-lab4\Patrones-lab4.csproj", "{4190F636-4BFF-45C8-BA64-85A5B835797F}"
EndProject
Global
	GlobalSection(SolutionConfigurationPlatforms) = preSolution
		Debug|Any CPU = Debug|Any CPU
		Release|Any CPU = Release|Any CPU
	EndGlobalSection
	GlobalSection(ProjectConfigurationPlatforms) = postSolution
		{4190F636-4BFF-45C8-BA64-85A5B835797F}.Debug|Any CPU.ActiveCfg = Debug|Any CPU
		{4190F636-4BFF-45C8-BA64-85A5B835797F}.Debug|Any CPU.Build.0 = Debug|Any CPU
		{4190F636-4BFF-45C8-BA64-85A5B835797F}.Release|Any CPU.ActiveCfg = Release|Any CPU
		{4190F636-4BFF-45C8-BA64-85A5B835797F}.Release|Any CPU.Build.0 = Release|Any CPU
	EndGlobalSection
	GlobalSection(SolutionProperties) = preSolution
		HideSolutionNode = FALSE
	EndGlobalSection
	GlobalSection(ExtensibilityGlobals) = postSolution
		SolutionGuid = {D19E76E6-E7A9-442B-B5C1-66B79D1ED624}
	EndGlobalSection
EndGlobal
